# @generated - this file is auto-generated by `mise lock` https://mise.jdx.dev/dev-tools/mise-lock.html

[[tools."aqua:EmbarkStudios/cargo-deny"]]
version = "0.19.0"
backend = "aqua:EmbarkStudios/cargo-deny"

[tools."aqua:EmbarkStudios/cargo-deny"."platforms.linux-arm64"]
checksum = "sha256:2b3567a60b7491c159d1cef8b7d8479d1ad2a31e29ef49462634ad4552fcc77d"
url = "https://github.com/EmbarkStudios/cargo-deny/releases/download/0.19.0/cargo-deny-0.19.0-aarch64-unknown-linux-musl.tar.gz"

[tools."aqua:EmbarkStudios/cargo-deny"."platforms.linux-arm64-musl"]
checksum = "sha256:2b3567a60b7491c159d1cef8b7d8479d1ad2a31e29ef49462634ad4552fcc77d"
url = "https://github.com/EmbarkStudios/cargo-deny/releases/download/0.19.0/cargo-deny-0.19.0-aarch64-unknown-linux-musl.tar.gz"

[tools."aqua:EmbarkStudios/cargo-deny"."platforms.linux-x64"]
checksum = "sha256:0e8c2aa59128612c90d9e09c02204e912f29a5b8d9a64671b94608cbe09e064f"
url = "https://github.com/EmbarkStudios/cargo-deny/releases/download/0.19.0/cargo-deny-0.19.0-x86_64-unknown-linux-musl.tar.gz"

[tools."aqua:EmbarkStudios/cargo-deny"."platforms.linux-x64-musl"]
checksum = "sha256:0e8c2aa59128612c90d9e09c02204e912f29a5b8d9a64671b94608cbe09e064f"
url = "https://github.com/EmbarkStudios/cargo-deny/releases/download/0.19.0/cargo-deny-0.19.0-x86_64-unknown-linux-musl.tar.gz"

[tools."aqua:EmbarkStudios/cargo-deny"."platforms.macos-arm64"]
checksum = "sha256:a22f2023c06f3eefd099a5d42dd828fd4fa74d1e1c167bd1dbc3cf59ad62ded0"
url = "https://github.com/EmbarkStudios/cargo-deny/releases/download/0.19.0/cargo-deny-0.19.0-aarch64-apple-darwin.tar.gz"

[tools."aqua:EmbarkStudios/cargo-deny"."platforms.macos-x64"]
checksum = "sha256:c42163655413f7e872638cd8c4345a327b512ef0ab99109e9cced691b95af5fb"
url = "https://github.com/EmbarkStudios/cargo-deny/releases/download/0.19.0/cargo-deny-0.19.0-x86_64-apple-darwin.tar.gz"

[tools."aqua:EmbarkStudios/cargo-deny"."platforms.windows-x64"]
checksum = "sha256:413f0e2ce780d0d14ba8e9339f9fb033419a8a971ec7714faec518e4a664bdb0"
url = "https://github.com/EmbarkStudios/cargo-deny/releases/download/0.19.0/cargo-deny-0.19.0-x86_64-pc-windows-msvc.tar.gz"

[[tools."aqua:taiki-e/cargo-llvm-cov"]]
version = "0.8.4"
backend = "aqua:taiki-e/cargo-llvm-cov"

[tools."aqua:taiki-e/cargo-llvm-cov"."platforms.linux-arm64"]
checksum = "sha256:0364061fff9139f9a69badaf110d3e0035befb5ab7ec7a10b19c47af857316d2"
url = "https://github.com/taiki-e/cargo-llvm-cov/releases/download/v0.8.4/cargo-llvm-cov-aarch64-unknown-linux-musl.tar.gz"

[tools."aqua:taiki-e/cargo-llvm-cov"."platforms.linux-arm64-musl"]
checksum = "sha256:0364061fff9139f9a69badaf110d3e0035befb5ab7ec7a10b19c47af857316d2"
url = "https://github.com/taiki-e/cargo-llvm-cov/releases/download/v0.8.4/cargo-llvm-cov-aarch64-unknown-linux-musl.tar.gz"

[tools."aqua:taiki-e/cargo-llvm-cov"."platforms.linux-x64"]
checksum = "sha256:6ebea3153495c568651cbb893a7b93f5b648b2ba16415e8cd0a06106a4f80092"
url = "https://github.com/taiki-e/cargo-llvm-cov/releases/download/v0.8.4/cargo-llvm-cov-x86_64-unknown-linux-musl.tar.gz"

[tools."aqua:taiki-e/cargo-llvm-cov"."platforms.linux-x64-musl"]
checksum = "sha256:6ebea3153495c568651cbb893a7b93f5b648b2ba16415e8cd0a06106a4f80092"
url = "https://github.com/taiki-e/cargo-llvm-cov/releases/download/v0.8.4/cargo-llvm-cov-x86_64-unknown-linux-musl.tar.gz"

[tools."aqua:taiki-e/cargo-llvm-cov"."platforms.macos-arm64"]
checksum = "sha256:559c2475502b3e9c62e29230e32ecb77a8962f54c9ca32854e140fb436ec993e"
url = "https://github.com/taiki-e/cargo-llvm-cov/releases/download/v0.8.4/cargo-llvm-cov-aarch64-apple-darwin.tar.gz"

[tools."aqua:taiki-e/cargo-llvm-cov"."platforms.macos-x64"]
checksum = "sha256:f8abe297605aea79978b92e50862104c1ff934d42e14e7bcb02a50934e14a9c5"
url = "https://github.com/taiki-e/cargo-llvm-cov/releases/download/v0.8.4/cargo-llvm-cov-x86_64-apple-darwin.tar.gz"

[tools."aqua:taiki-e/cargo-llvm-cov"."platforms.windows-x64"]
checksum = "sha256:21fc84103910716b77b67f9d3d586426296135d81cb27e03d9d914b0078742a3"
url = "https://github.com/taiki-e/cargo-llvm-cov/releases/download/v0.8.4/cargo-llvm-cov-x86_64-pc-windows-msvc.tar.gz"

[[tools.cargo-binstall]]
version = "1.17.6"
backend = "aqua:cargo-bins/cargo-binstall"

[tools.cargo-binstall."platforms.linux-arm64"]
checksum = "sha256:e5f2c4b79b10370dff707b86a14e7a0ad399c5dc5853824e933432910741992c"
url = "https://github.com/cargo-bins/cargo-binstall/releases/download/v1.17.6/cargo-binstall-aarch64-unknown-linux-musl.tgz"

[tools.cargo-binstall."platforms.linux-arm64-musl"]
checksum = "sha256:e5f2c4b79b10370dff707b86a14e7a0ad399c5dc5853824e933432910741992c"
url = "https://github.com/cargo-bins/cargo-binstall/releases/download/v1.17.6/cargo-binstall-aarch64-unknown-linux-musl.tgz"

[tools.cargo-binstall."platforms.linux-x64"]
checksum = "sha256:f926d96e9f0822ded35c4ac2071ce190bd1311565695c49c45e295de0d685aaa"
url = "https://github.com/cargo-bins/cargo-binstall/releases/download/v1.17.6/cargo-binstall-x86_64-unknown-linux-musl.tgz"

[tools.cargo-binstall."platforms.linux-x64-musl"]
checksum = "sha256:f926d96e9f0822ded35c4ac2071ce190bd1311565695c49c45e295de0d685aaa"
url = "https://github.com/cargo-bins/cargo-binstall/releases/download/v1.17.6/cargo-binstall-x86_64-unknown-linux-musl.tgz"

[tools.cargo-binstall."platforms.macos-arm64"]
checksum = "sha256:101447fa30a723ca8e1a13cec11bb1350b7179331b2aa7054d27bef7a3e19021"
url = "https://github.com/cargo-bins/cargo-binstall/releases/download/v1.17.6/cargo-binstall-aarch64-apple-darwin.zip"

[tools.cargo-binstall."platforms.macos-x64"]
checksum = "sha256:cd07fd79e2848b13b994e3f83fa5377b631625b847f0734219f2706feb518258"
url = "https://github.com/cargo-bins/cargo-binstall/releases/download/v1.17.6/cargo-binstall-x86_64-apple-darwin.zip"

[tools.cargo-binstall."platforms.windows-x64"]
checksum = "sha256:5fcbddde2d415704d2432bbe606a5767ddaf1ef4ee2c16b7828f8be2ed1e5a5c"
url = "https://github.com/cargo-bins/cargo-binstall/releases/download/v1.17.6/cargo-binstall-x86_64-pc-windows-msvc.zip"

[[tools."cargo:lychee"]]
version = "0.23.0"
backend = "cargo:lychee"

[[tools."github:badboy/mdbook-mermaid"]]
version = "0.16.2"
backend = "github:badboy/mdbook-mermaid"

[tools."github:badboy/mdbook-mermaid"."platforms.linux-arm64"]
checksum = "sha256:b0b01c471c93ff0e413ba9fe205884498811c74694608436c1cf9c36d2fc7e3b"
url = "https://github.com/badboy/mdbook-mermaid/releases/download/v0.16.2/mdbook-mermaid-v0.16.2-aarch64-unknown-linux-musl.tar.gz"
url_api = "https://api.github.com/repos/badboy/mdbook-mermaid/releases/assets/305465688"

[tools."github:badboy/mdbook-mermaid"."platforms.linux-arm64-musl"]
checksum = "sha256:b0b01c471c93ff0e413ba9fe205884498811c74694608436c1cf9c36d2fc7e3b"
url = "https://github.com/badboy/mdbook-mermaid/releases/download/v0.16.2/mdbook-mermaid-v0.16.2-aarch64-unknown-linux-musl.tar.gz"
url_api = "https://api.github.com/repos/badboy/mdbook-mermaid/releases/assets/305465688"

[tools."github:badboy/mdbook-mermaid"."platforms.linux-x64"]
checksum = "sha256:53212493f30f15248236b26964355fd84bd5ac66359242e42f5aa2fa8d2e4997"
url = "https://github.com/badboy/mdbook-mermaid/releases/download/v0.16.2/mdbook-mermaid-v0.16.2-x86_64-unknown-linux-gnu.tar.gz"
url_api = "https://api.github.com/repos/badboy/mdbook-mermaid/releases/assets/305465687"

[tools."github:badboy/mdbook-mermaid"."platforms.linux-x64-musl"]
checksum = "sha256:8221c0a60aaa19b342d04fffe395be4f91ec1492ab659a2ea849328a2c1dff37"
url = "https://github.com/badboy/mdbook-mermaid/releases/download/v0.16.2/mdbook-mermaid-v0.16.2-x86_64-unknown-linux-musl.tar.gz"
url_api = "https://api.github.com/repos/badboy/mdbook-mermaid/releases/assets/305465689"

[tools."github:badboy/mdbook-mermaid"."platforms.macos-arm64"]
checksum = "sha256:1fc7813ea56bf3e889c3dcd13b0149ff8c7aa8d1e18530b13a0dc882f6383cc2"
url = "https://github.com/badboy/mdbook-mermaid/releases/download/v0.16.2/mdbook-mermaid-v0.16.2-aarch64-apple-darwin.tar.gz"
url_api = "https://api.github.com/repos/badboy/mdbook-mermaid/releases/assets/305465686"

[tools."github:badboy/mdbook-mermaid"."platforms.macos-x64"]
checksum = "sha256:f3b7bc35819b457cf64d63ae4c21cfff90726d12306db4be4d037ddc9a2a073b"
url = "https://github.com/badboy/mdbook-mermaid/releases/download/v0.16.2/mdbook-mermaid-v0.16.2-x86_64-apple-darwin.tar.gz"
url_api = "https://api.github.com/repos/badboy/mdbook-mermaid/releases/assets/305465685"

[tools."github:badboy/mdbook-mermaid"."platforms.windows-x64"]
checksum = "sha256:acd0f6481512d54cc9df9dfbb2a3a5630b3b036173670131c4a6a1b7b08b0d48"
url = "https://github.com/badboy/mdbook-mermaid/releases/download/v0.16.2/mdbook-mermaid-v0.16.2-x86_64-pc-windows-msvc.zip"
url_api = "https://api.github.com/repos/badboy/mdbook-mermaid/releases/assets/305465690"

[[tools."github:nextest-rs/nextest"]]
version = "0.9.130"
backend = "github:nextest-rs/nextest"

[tools."github:nextest-rs/nextest".options]
version_prefix = "cargo-nextest-"

[tools."github:nextest-rs/nextest"."platforms.linux-arm64"]
checksum = "sha256:cca77f0b71dca2c82458294fc2b5992d8754c816e8b19ee64c76b3402e242e89"
url = "https://github.com/nextest-rs/nextest/releases/download/cargo-nextest-0.9.130/cargo-nextest-0.9.130-aarch64-unknown-linux-gnu.tar.gz"
url_api = "https://api.github.com/repos/nextest-rs/nextest/releases/assets/370478980"

[tools."github:nextest-rs/nextest"."platforms.linux-arm64-musl"]
checksum = "sha256:e06868782f00964106918213c8ea798ada50b990c2bde071ddc44cd7543b9f9a"
url = "https://github.com/nextest-rs/nextest/releases/download/cargo-nextest-0.9.130/cargo-nextest-0.9.130-aarch64-unknown-linux-musl.tar.gz"
url_api = "https://api.github.com/repos/nextest-rs/nextest/releases/assets/370476649"

[tools."github:nextest-rs/nextest"."platforms.linux-x64"]
checksum = "sha256:f7035798220352c839d7a1f861f4c730c2fbbc335f186807dde148dc9caf7e9c"
url = "https://github.com/nextest-rs/nextest/releases/download/cargo-nextest-0.9.130/cargo-nextest-0.9.130-x86_64-unknown-linux-gnu.tar.gz"
url_api = "https://api.github.com/repos/nextest-rs/nextest/releases/assets/370483119"

[tools."github:nextest-rs/nextest"."platforms.linux-x64-musl"]
checksum = "sha256:d353b1d67a64cb890fbf88b8e12fa9281c53633cf86e495a04fdf9352ab91b0b"
url = "https://github.com/nextest-rs/nextest/releases/download/cargo-nextest-0.9.130/cargo-nextest-0.9.130-x86_64-unknown-linux-musl.tar.gz"
url_api = "https://api.github.com/repos/nextest-rs/nextest/releases/assets/370482317"

[tools."github:nextest-rs/nextest"."platforms.macos-arm64"]
checksum = "sha256:4c6621c7342f0939b51f926430e242d821cc9bedaed40e9a08bfa144a719b891"
url = "https://github.com/nextest-rs/nextest/releases/download/cargo-nextest-0.9.130/cargo-nextest-0.9.130-universal-apple-darwin.tar.gz"
url_api = "https://api.github.com/repos/nextest-rs/nextest/releases/assets/370481233"

[tools."github:nextest-rs/nextest"."platforms.macos-x64"]
checksum = "sha256:4c6621c7342f0939b51f926430e242d821cc9bedaed40e9a08bfa144a719b891"
url = "https://github.com/nextest-rs/nextest/releases/download/cargo-nextest-0.9.130/cargo-nextest-0.9.130-universal-apple-darwin.tar.gz"
url_api = "https://api.github.com/repos/nextest-rs/nextest/releases/assets/370481233"

[tools."github:nextest-rs/nextest"."platforms.windows-x64"]
checksum = "sha256:456991384d7ea44b9c29fd494f48399917102e8dab1bd9a45d824bc201b2f7c6"
url = "https://github.com/nextest-rs/nextest/releases/download/cargo-nextest-0.9.130/cargo-nextest-0.9.130-x86_64-pc-windows-msvc.zip"
url_api = "https://api.github.com/repos/nextest-rs/nextest/releases/assets/370489175"

[[tools."github:rust-lang/mdBook"]]
version = "0.4.52"
backend = "github:rust-lang/mdBook"

[tools."github:rust-lang/mdBook"."platforms.linux-arm64"]
checksum = "sha256:7273dda980915a1e2f114d63d432aa6284551e37f0358e3ce7653d1e49e6fa3f"
url = "https://github.com/rust-lang/mdBook/releases/download/v0.4.52/mdbook-v0.4.52-aarch64-unknown-linux-musl.tar.gz"
url_api = "https://api.github.com/repos/rust-lang/mdBook/releases/assets/272868412"

[tools."github:rust-lang/mdBook"."platforms.linux-arm64-musl"]
checksum = "sha256:7273dda980915a1e2f114d63d432aa6284551e37f0358e3ce7653d1e49e6fa3f"
url = "https://github.com/rust-lang/mdBook/releases/download/v0.4.52/mdbook-v0.4.52-aarch64-unknown-linux-musl.tar.gz"
url_api = "https://api.github.com/repos/rust-lang/mdBook/releases/assets/272868412"

[tools."github:rust-lang/mdBook"."platforms.linux-x64"]
checksum = "sha256:c0b903f01dd8f4edc644372ad2b80b1fdddd12552d37b6a098657cbd8eddd768"
url = "https://github.com/rust-lang/mdBook/releases/download/v0.4.52/mdbook-v0.4.52-x86_64-unknown-linux-gnu.tar.gz"
url_api = "https://api.github.com/repos/rust-lang/mdBook/releases/assets/272868230"

[tools."github:rust-lang/mdBook"."platforms.linux-x64-musl"]
checksum = "sha256:c96bdabf3754d9e016fb803c1565a41050434479b2dc1e02a87c8d0da7524c6c"
url = "https://github.com/rust-lang/mdBook/releases/download/v0.4.52/mdbook-v0.4.52-x86_64-unknown-linux-musl.tar.gz"
url_api = "https://api.github.com/repos/rust-lang/mdBook/releases/assets/272868400"

[tools."github:rust-lang/mdBook"."platforms.macos-arm64"]
checksum = "sha256:4aee6a8ff54dc59fbe9bcf1c38b8f58583fba63535dff7a5ec8205f0cffc3fd4"
url = "https://github.com/rust-lang/mdBook/releases/download/v0.4.52/mdbook-v0.4.52-aarch64-apple-darwin.tar.gz"
url_api = "https://api.github.com/repos/rust-lang/mdBook/releases/assets/272868263"

[tools."github:rust-lang/mdBook"."platforms.macos-x64"]
checksum = "sha256:4768a2a3cd6bff139feffd855dd8fb82ee356ecf822ae12ed9abcbde0633205b"
url = "https://github.com/rust-lang/mdBook/releases/download/v0.4.52/mdbook-v0.4.52-x86_64-apple-darwin.tar.gz"
url_api = "https://api.github.com/repos/rust-lang/mdBook/releases/assets/272868205"

[tools."github:rust-lang/mdBook"."platforms.windows-x64"]
checksum = "sha256:33510a5745c593e06f4b8e21f531d9204c6f4444846b4bd57994e82a7bdfec98"
url = "https://github.com/rust-lang/mdBook/releases/download/v0.4.52/mdbook-v0.4.52-x86_64-pc-windows-msvc.zip"
url_api = "https://api.github.com/repos/rust-lang/mdBook/releases/assets/272870139"

[[tools."pipx:pre-commit"]]
version = "4.5.1"
backend = "pipx:pre-commit"

[[tools.python]]
version = "3.14.3"
backend = "core:python"

[tools.python."platforms.linux-arm64"]
checksum = "sha256:89e2cfba1b1ca974a8d2b7aa054d8c32a9301b1168fde2bf1c9a5270488c018f"
url = "https://github.com/astral-sh/python-build-standalone/releases/download/20260310/cpython-3.14.3+20260310-aarch64-unknown-linux-gnu-install_only_stripped.tar.gz"

[tools.python."platforms.linux-arm64-musl"]
checksum = "sha256:89e2cfba1b1ca974a8d2b7aa054d8c32a9301b1168fde2bf1c9a5270488c018f"
url = "https://github.com/astral-sh/python-build-standalone/releases/download/20260310/cpython-3.14.3+20260310-aarch64-unknown-linux-gnu-install_only_stripped.tar.gz"

[tools.python."platforms.linux-x64"]
checksum = "sha256:0023aa5e9930a70585e1b639055f4928f76080b2e1dcc2458453b595155a50ee"
url = "https://github.com/astral-sh/python-build-standalone/releases/download/20260310/cpython-3.14.3+20260310-x86_64-unknown-linux-gnu-install_only_stripped.tar.gz"

[tools.python."platforms.linux-x64-musl"]
checksum = "sha256:0023aa5e9930a70585e1b639055f4928f76080b2e1dcc2458453b595155a50ee"
url = "https://github.com/astral-sh/python-build-standalone/releases/download/20260310/cpython-3.14.3+20260310-x86_64-unknown-linux-gnu-install_only_stripped.tar.gz"

[tools.python."platforms.macos-arm64"]
checksum = "sha256:1a98bbe7e63547d2f764bc9119f6d604dfb333f21afab5f4885dc362b4f3a921"
url = "https://github.com/astral-sh/python-build-standalone/releases/download/20260310/cpython-3.14.3+20260310-aarch64-apple-darwin-install_only_stripped.tar.gz"

[tools.python."platforms.macos-x64"]
checksum = "sha256:a974fefb14c2b724ca87830240d36fc865780391ec9e1e2db28a1d5f58f5fae2"
url = "https://github.com/astral-sh/python-build-standalone/releases/download/20260310/cpython-3.14.3+20260310-x86_64-apple-darwin-install_only_stripped.tar.gz"

[tools.python."platforms.windows-x64"]
checksum = "sha256:8458fdf45b9b47685a7dea76d72a4b8cf946091fe48cac43d3564f7f318e8c0f"
url = "https://github.com/astral-sh/python-build-standalone/releases/download/20260310/cpython-3.14.3+20260310-x86_64-pc-windows-msvc-install_only_stripped.tar.gz"
